
Microsoft Visual Studio Solution File, Format Version 12.00
# Visual Studio Version 17
VisualStudioVersion = 17.10.35122.118
MinimumVisualStudioVersion = 10.0.40219.1
Project("{FAE04EC0-301F-11D3-BF4B-00C04F79EFBC}") = "Dictionaries_LandonBarnett", "Dictionaries_LandonBarnett\Dictionaries_LandonBarnett.csproj", "{A9CB20E3-DEFF-4272-97D4-EEBDD20FEAA3}"
EndProject
Global
	GlobalSection(SolutionConfigurationPlatforms) = preSolution
		Debug|Any CPU = Debug|Any CPU
		Release|Any CPU = Release|Any CPU
	EndGlobalSection
	GlobalSection(ProjectConfigurationPlatforms) = postSolution
		{A9CB20E3-DEFF-4272-97D4-EEBDD20FEAA3}.Debug|Any CPU.ActiveCfg = Debug|Any CPU
		{A9CB20E3-DEFF-4272-97D4-EEBDD20FEAA3}.Debug|Any CPU.Build.0 = Debug|Any CPU
		{A9CB20E3-DEFF-4272-97D4-EEBDD20FEAA3}.Release|Any CPU.ActiveCfg = Release|Any CPU
		{A9CB20E3-DEFF-4272-97D4-EEBDD20FEAA3}.Release|Any CPU.Build.0 = Release|Any CPU
	EndGlobalSection
	GlobalSection(SolutionProperties) = preSolution
		HideSolutionNode = FALSE
	EndGlobalSection
	GlobalSection(ExtensibilityGlobals) = postSolution
		SolutionGuid = {39BDEDBC-75B3-4C9C-8892-87F610383DA4}
	EndGlobalSection
EndGlobal
